<Solution>
  <Folder Name="/src/">
    <Project Path="src/CrfDemo/CrfDemo.csproj" />
    <Project Path="src/PharmaCorpusAnnotator.Cli/PharmaCorpusAnnotator.Cli.csproj" />
    <Project Path="src/PharmaCorpusAnnotator.Core/PharmaCorpusAnnotator.Core.csproj" />
  </Folder>
  <Folder Name="/tests/">
    <Project Path="tests/PharmaCorpusAnnotator.Tests/PharmaCorpusAnnotator.Tests.csproj" />
  </Folder>
</Solution>
